
Microsoft Visual Studio Solution File, Format Version 12.00
# Visual Studio Version 17
VisualStudioVersion = 17.5.002.0
MinimumVisualStudioVersion = 10.0.40219.1
Project("{9A19103F-16F7-4668-BE54-9A1E7A4F7556}") = "ElevatorDemo", "ElevatorDemo.csproj", "{63986EDC-86EE-42A3-90DB-4474470E4FB6}"
EndProject
Project("{FAE04EC0-301F-11D3-BF4B-00C04F79EFBC}") = "Unit Tests", "Unit Tests\Unit Tests.csproj", "{1452B1C6-7F46-4FD7-BFAA-389F15415958}"
EndProject
Global
	GlobalSection(SolutionConfigurationPlatforms) = preSolution
		Debug|Any CPU = Debug|Any CPU
		Release|Any CPU = Release|Any CPU
	EndGlobalSection
	GlobalSection(ProjectConfigurationPlatforms) = postSolution
		{63986EDC-86EE-42A3-90DB-4474470E4FB6}.Debug|Any CPU.ActiveCfg = Debug|Any CPU
		{63986EDC-86EE-42A3-90DB-4474470E4FB6}.Debug|Any CPU.Build.0 = Debug|Any CPU
		{63986EDC-86EE-42A3-90DB-4474470E4FB6}.Release|Any CPU.ActiveCfg = Release|Any CPU
		{63986EDC-86EE-42A3-90DB-4474470E4FB6}.Release|Any CPU.Build.0 = Release|Any CPU
		{1452B1C6-7F46-4FD7-BFAA-389F15415958}.Debug|Any CPU.ActiveCfg = Debug|Any CPU
		{1452B1C6-7F46-4FD7-BFAA-389F15415958}.Debug|Any CPU.Build.0 = Debug|Any CPU
		{1452B1C6-7F46-4FD7-BFAA-389F15415958}.Release|Any CPU.ActiveCfg = Release|Any CPU
		{1452B1C6-7F46-4FD7-BFAA-389F15415958}.Release|Any CPU.Build.0 = Release|Any CPU
	EndGlobalSection
	GlobalSection(SolutionProperties) = preSolution
		HideSolutionNode = FALSE
	EndGlobalSection
	GlobalSection(ExtensibilityGlobals) = postSolution
		SolutionGuid = {1A844769-DB68-4EE9-ABA4-9512D44D55B6}
	EndGlobalSection
EndGlobal
